// !$*UTF8*$!
{
	archiveVersion = 1;
	classes = {
	};
	objectVersion = 46;
	objects = {

/* Begin PBXBuildFile section */
		D6BEAEAA2035734A00FAC0F7 /* icon_blue.png in Resources */ = {isa = PBXBuildFile; fileRef = D6BEAEA62035734A00FAC0F7 /* icon_blue.png */; };
		D6BEAEAB2035734A00FAC0F7 /* icon_blue@2x.png in Resources */ = {isa = PBXBuildFile; fileRef = D6BEAEA72035734A00FAC0F7 /* icon_blue@2x.png */; };
		D6BEAEAC2035734A00FAC0F7 /* icon_red.png in Resources */ = {isa = PBXBuildFile; fileRef = D6BEAEA82035734A00FAC0F7 /* icon_red.png */; };
		D6BEAEAD2035734A00FAC0F7 /* icon_red@2x.png in Resources */ = {isa = PBXBuildFile; fileRef = D6BEAEA92035734A00FAC0F7 /* icon_red@2x.png */; };
		E06496EC14737582008B28E0 /* icon.icns in Resources */ = {isa = PBXBuildFile; fileRef = E06496EB14737582008B28E0 /* icon.icns */; };
		E0966B8B147173F300D2444F /* Cocoa.framework in Frameworks */ = {isa = PBXBuildFile; fileRef = E0966B8A147173F300D2444F /* Cocoa.framework */; };
		E0966B95147173F300D2444F /* InfoPlist.strings in Resources */ = {isa = PBXBuildFile; fileRef = E0966B93147173F300D2444F /* InfoPlist.strings */; };
		E0966B97147173F300D2444F /* main.m in Sources */ = {isa = PBXBuildFile; fileRef = E0966B96147173F300D2444F /* main.m */; };
		E0966B9E147173F300D2444F /* KeyD_AppDelegate.m in Sources */ = {isa = PBXBuildFile; fileRef = E0966B9D147173F300D2444F /* KeyD_AppDelegate.m */; };
		E0966BA1147173F400D2444F /* MainMenu.xib in Resources */ = {isa = PBXBuildFile; fileRef = E0966B9F147173F400D2444F /* MainMenu.xib */; };
		E0966BA8147177BF00D2444F /* Carbon.framework in Frameworks */ = {isa = PBXBuildFile; fileRef = E0966BA7147177BF00D2444F /* Carbon.framework */; };
		E0966BAE14724E9D00D2444F /* QuartzCore.framework in Frameworks */ = {isa = PBXBuildFile; fileRef = E0966BAD14724E9D00D2444F /* QuartzCore.framework */; };
		E0988E2114790BAD00E75145 /* KeyD_PreferencesWindowController.m in Sources */ = {isa = PBXBuildFile; fileRef = E0988E2014790BAD00E75145 /* KeyD_PreferencesWindowController.m */; };
		E0988E24147940EB00E75145 /* PreferencesWindow.xib in Resources */ = {isa = PBXBuildFile; fileRef = E0988E26147940EB00E75145 /* PreferencesWindow.xib */; };
		E0A5466414739F9500E28C2F /* MIT-LICENSE.txt in Resources */ = {isa = PBXBuildFile; fileRef = E0A5466114739F9500E28C2F /* MIT-LICENSE.txt */; };
/* End PBXBuildFile section */

/* Begin PBXFileReference section */
		D6206D512035EB7F004EDD9B /* KeyD-Prefix.pch */ = {isa = PBXFileReference; fileEncoding = 4; lastKnownFileType = sourcecode.c.h; path = "KeyD-Prefix.pch"; sourceTree = "<group>"; };
		D6206D522035EB7F004EDD9B /* KeyD-Info.plist */ = {isa = PBXFileReference; fileEncoding = 4; lastKnownFileType = text.plist.xml; path = "KeyD-Info.plist"; sourceTree = "<group>"; };
		D6BEAEA62035734A00FAC0F7 /* icon_blue.png */ = {isa = PBXFileReference; lastKnownFileType = image.png; path = icon_blue.png; sourceTree = "<group>"; };
		D6BEAEA72035734A00FAC0F7 /* icon_blue@2x.png */ = {isa = PBXFileReference; lastKnownFileType = image.png; path = "icon_blue@2x.png"; sourceTree = "<group>"; };
		D6BEAEA82035734A00FAC0F7 /* icon_red.png */ = {isa = PBXFileReference; lastKnownFileType = image.png; path = icon_red.png; sourceTree = "<group>"; };
		D6BEAEA92035734A00FAC0F7 /* icon_red@2x.png */ = {isa = PBXFileReference; lastKnownFileType = image.png; path = "icon_red@2x.png"; sourceTree = "<group>"; };
		D6E68DFF202B569E00BD9535 /* ko */ = {isa = PBXFileReference; lastKnownFileType = file.xib; name = ko; path = ko.lproj/MainMenu.xib; sourceTree = "<group>"; };
		D6E68E01202B569E00BD9535 /* ko */ = {isa = PBXFileReference; lastKnownFileType = text.plist.strings; name = ko; path = ko.lproj/InfoPlist.strings; sourceTree = "<group>"; };
		D6F7947E204C333F00B9E17A /* ko */ = {isa = PBXFileReference; lastKnownFileType = file.xib; name = ko; path = ko.lproj/PreferencesWindow.xib; sourceTree = "<group>"; };
		E06496EB14737582008B28E0 /* icon.icns */ = {isa = PBXFileReference; lastKnownFileType = image.icns; path = icon.icns; sourceTree = "<group>"; };
		E06497011473871D008B28E0 /* README.md */ = {isa = PBXFileReference; fileEncoding = 4; lastKnownFileType = text; path = README.md; sourceTree = "<group>"; };
		E093DDE51475248700ACB3FA /* CHANGELOG.md */ = {isa = PBXFileReference; lastKnownFileType = text; path = CHANGELOG.md; sourceTree = "<group>"; };
		E0966B86147173F300D2444F /* KeyD.app */ = {isa = PBXFileReference; explicitFileType = wrapper.application; includeInIndex = 0; path = KeyD.app; sourceTree = BUILT_PRODUCTS_DIR; };
		E0966B8A147173F300D2444F /* Cocoa.framework */ = {isa = PBXFileReference; lastKnownFileType = wrapper.framework; name = Cocoa.framework; path = System/Library/Frameworks/Cocoa.framework; sourceTree = SDKROOT; };
		E0966B8D147173F300D2444F /* AppKit.framework */ = {isa = PBXFileReference; lastKnownFileType = wrapper.framework; name = AppKit.framework; path = System/Library/Frameworks/AppKit.framework; sourceTree = SDKROOT; };
		E0966B8E147173F300D2444F /* CoreData.framework */ = {isa = PBXFileReference; lastKnownFileType = wrapper.framework; name = CoreData.framework; path = System/Library/Frameworks/CoreData.framework; sourceTree = SDKROOT; };
		E0966B8F147173F300D2444F /* Foundation.framework */ = {isa = PBXFileReference; lastKnownFileType = wrapper.framework; name = Foundation.framework; path = System/Library/Frameworks/Foundation.framework; sourceTree = SDKROOT; };
		E0966B94147173F300D2444F /* en */ = {isa = PBXFileReference; lastKnownFileType = text.plist.strings; name = en; path = en.lproj/InfoPlist.strings; sourceTree = "<group>"; };
		E0966B96147173F300D2444F /* main.m */ = {isa = PBXFileReference; lastKnownFileType = sourcecode.c.objc; path = main.m; sourceTree = "<group>"; };
		E0966B9C147173F300D2444F /* KeyD_AppDelegate.h */ = {isa = PBXFileReference; lastKnownFileType = sourcecode.c.h; path = KeyD_AppDelegate.h; sourceTree = "<group>"; };
		E0966B9D147173F300D2444F /* KeyD_AppDelegate.m */ = {isa = PBXFileReference; lastKnownFileType = sourcecode.c.objc; path = KeyD_AppDelegate.m; sourceTree = "<group>"; };
		E0966BA0147173F400D2444F /* en */ = {isa = PBXFileReference; lastKnownFileType = file.xib; name = en; path = en.lproj/MainMenu.xib; sourceTree = "<group>"; };
		E0966BA7147177BF00D2444F /* Carbon.framework */ = {isa = PBXFileReference; lastKnownFileType = wrapper.framework; name = Carbon.framework; path = System/Library/Frameworks/Carbon.framework; sourceTree = SDKROOT; };
		E0966BAD14724E9D00D2444F /* QuartzCore.framework */ = {isa = PBXFileReference; lastKnownFileType = wrapper.framework; name = QuartzCore.framework; path = System/Library/Frameworks/QuartzCore.framework; sourceTree = SDKROOT; };
		E0988E1F14790BAD00E75145 /* KeyD_PreferencesWindowController.h */ = {isa = PBXFileReference; fileEncoding = 4; lastKnownFileType = sourcecode.c.h; path = KeyD_PreferencesWindowController.h; sourceTree = "<group>"; };
		E0988E2014790BAD00E75145 /* KeyD_PreferencesWindowController.m */ = {isa = PBXFileReference; fileEncoding = 4; lastKnownFileType = sourcecode.c.objc; path = KeyD_PreferencesWindowController.m; sourceTree = "<group>"; };
		E0988E221479345900E75145 /* KeyD_Defaults.h */ = {isa = PBXFileReference; fileEncoding = 4; lastKnownFileType = sourcecode.c.h; path = KeyD_Defaults.h; sourceTree = "<group>"; };
		E0988E2314793C0D00E75145 /* KeyD_AppDelegate+.h */ = {isa = PBXFileReference; fileEncoding = 4; lastKnownFileType = sourcecode.c.h; path = "KeyD_AppDelegate+.h"; sourceTree = "<group>"; };
		E0988E25147940EB00E75145 /* en */ = {isa = PBXFileReference; lastKnownFileType = file.xib; name = en; path = en.lproj/PreferencesWindow.xib; sourceTree = "<group>"; };
		E0A5466114739F9500E28C2F /* MIT-LICENSE.txt */ = {isa = PBXFileReference; fileEncoding = 4; lastKnownFileType = text; path = "MIT-LICENSE.txt"; sourceTree = "<group>"; };
/* End PBXFileReference section */

/* Begin PBXFrameworksBuildPhase section */
		E0966B83147173F300D2444F /* Frameworks */ = {
			isa = PBXFrameworksBuildPhase;
			buildActionMask = 2147483647;
			files = (
				E0966BAE14724E9D00D2444F /* QuartzCore.framework in Frameworks */,
				E0966BA8147177BF00D2444F /* Carbon.framework in Frameworks */,
				E0966B8B147173F300D2444F /* Cocoa.framework in Frameworks */,
			);
			runOnlyForDeploymentPostprocessing = 0;
		};
/* End PBXFrameworksBuildPhase section */

/* Begin PBXGroup section */
		E093DDE71475255D00ACB3FA /* Documents */ = {
			isa = PBXGroup;
			children = (
				E093DDE51475248700ACB3FA /* CHANGELOG.md */,
				E06497011473871D008B28E0 /* README.md */,
				E0A5466114739F9500E28C2F /* MIT-LICENSE.txt */,
			);
			name = Documents;
			sourceTree = "<group>";
		};
		E0966B7B147173F300D2444F = {
			isa = PBXGroup;
			children = (
				E093DDE71475255D00ACB3FA /* Documents */,
				E0966B90147173F300D2444F /* KeyD */,
				E0966B89147173F300D2444F /* Frameworks */,
				E0966B87147173F300D2444F /* Products */,
			);
			sourceTree = "<group>";
		};
		E0966B87147173F300D2444F /* Products */ = {
			isa = PBXGroup;
			children = (
				E0966B86147173F300D2444F /* KeyD.app */,
			);
			name = Products;
			sourceTree = "<group>";
		};
		E0966B89147173F300D2444F /* Frameworks */ = {
			isa = PBXGroup;
			children = (
				E0966BAD14724E9D00D2444F /* QuartzCore.framework */,
				E0966BA7147177BF00D2444F /* Carbon.framework */,
				E0966B8A147173F300D2444F /* Cocoa.framework */,
				E0966B8C147173F300D2444F /* Other Frameworks */,
			);
			name = Frameworks;
			sourceTree = "<group>";
		};
		E0966B8C147173F300D2444F /* Other Frameworks */ = {
			isa = PBXGroup;
			children = (
				E0966B8D147173F300D2444F /* AppKit.framework */,
				E0966B8E147173F300D2444F /* CoreData.framework */,
				E0966B8F147173F300D2444F /* Foundation.framework */,
			);
			name = "Other Frameworks";
			sourceTree = "<group>";
		};
		E0966B90147173F300D2444F /* KeyD */ = {
			isa = PBXGroup;
			children = (
				E0988E221479345900E75145 /* KeyD_Defaults.h */,
				E0966B9C147173F300D2444F /* KeyD_AppDelegate.h */,
				E0988E2314793C0D00E75145 /* KeyD_AppDelegate+.h */,
				E0966B9D147173F300D2444F /* KeyD_AppDelegate.m */,
				E0988E1F14790BAD00E75145 /* KeyD_PreferencesWindowController.h */,
				E0988E2014790BAD00E75145 /* KeyD_PreferencesWindowController.m */,
				E0966B9F147173F400D2444F /* MainMenu.xib */,
				E0988E26147940EB00E75145 /* PreferencesWindow.xib */,
				E0966B91147173F300D2444F /* Supporting Files */,
			);
			path = KeyD;
			sourceTree = "<group>";
		};
		E0966B91147173F300D2444F /* Supporting Files */ = {
			isa = PBXGroup;
			children = (
				D6206D522035EB7F004EDD9B /* KeyD-Info.plist */,
				D6206D512035EB7F004EDD9B /* KeyD-Prefix.pch */,
				D6BEAEA62035734A00FAC0F7 /* icon_blue.png */,
				D6BEAEA72035734A00FAC0F7 /* icon_blue@2x.png */,
				D6BEAEA82035734A00FAC0F7 /* icon_red.png */,
				D6BEAEA92035734A00FAC0F7 /* icon_red@2x.png */,
				E06496EB14737582008B28E0 /* icon.icns */,
				E0966B93147173F300D2444F /* InfoPlist.strings */,
				E0966B96147173F300D2444F /* main.m */,
			);
			name = "Supporting Files";
			sourceTree = "<group>";
		};
/* End PBXGroup section */

/* Begin PBXNativeTarget section */
		E0966B85147173F300D2444F /* KeyD */ = {
			isa = PBXNativeTarget;
			buildConfigurationList = E0966BA4147173F400D2444F /* Build configuration list for PBXNativeTarget "KeyD" */;
			buildPhases = (
				E0966B82147173F300D2444F /* Sources */,
				E0966B83147173F300D2444F /* Frameworks */,
				E0966B84147173F300D2444F /* Resources */,
			);
			buildRules = (
			);
			dependencies = (
			);
			name = KeyD;
			productName = isHUD;
			productReference = E0966B86147173F300D2444F /* KeyD.app */;
			productType = "com.apple.product-type.application";
		};
/* End PBXNativeTarget section */

/* Begin PBXProject section */
		E0966B7D147173F300D2444F /* Project object */ = {
			isa = PBXProject;
			attributes = {
				LastUpgradeCheck = 0920;
				ORGANIZATIONNAME = "ngi group inc.";
				TargetAttributes = {
					E0966B85147173F300D2444F = {
						ProvisioningStyle = Automatic;
					};
				};
			};
			buildConfigurationList = E0966B80147173F300D2444F /* Build configuration list for PBXProject "KeyD" */;
			compatibilityVersion = "Xcode 3.2";
			developmentRegion = English;
			hasScannedForEncodings = 0;
			knownRegions = (
				en,
				ko,
			);
			mainGroup = E0966B7B147173F300D2444F;
			productRefGroup = E0966B87147173F300D2444F /* Products */;
			projectDirPath = "";
			projectRoot = "";
			targets = (
				E0966B85147173F300D2444F /* KeyD */,
			);
		};
/* End PBXProject section */

/* Begin PBXResourcesBuildPhase section */
		E0966B84147173F300D2444F /* Resources */ = {
			isa = PBXResourcesBuildPhase;
			buildActionMask = 2147483647;
			files = (
				D6BEAEAC2035734A00FAC0F7 /* icon_red.png in Resources */,
				E0966B95147173F300D2444F /* InfoPlist.strings in Resources */,
				E0966BA1147173F400D2444F /* MainMenu.xib in Resources */,
				E06496EC14737582008B28E0 /* icon.icns in Resources */,
				D6BEAEAD2035734A00FAC0F7 /* icon_red@2x.png in Resources */,
				D6BEAEAB2035734A00FAC0F7 /* icon_blue@2x.png in Resources */,
				E0A5466414739F9500E28C2F /* MIT-LICENSE.txt in Resources */,
				D6BEAEAA2035734A00FAC0F7 /* icon_blue.png in Resources */,
				E0988E24147940EB00E75145 /* PreferencesWindow.xib in Resources */,
			);
			runOnlyForDeploymentPostprocessing = 0;
		};
/* End PBXResourcesBuildPhase section */

/* Begin PBXSourcesBuildPhase section */
		E0966B82147173F300D2444F /* Sources */ = {
			isa = PBXSourcesBuildPhase;
			buildActionMask = 2147483647;
			files = (
				E0966B97147173F300D2444F /* main.m in Sources */,
				E0966B9E147173F300D2444F /* KeyD_AppDelegate.m in Sources */,
				E0988E2114790BAD00E75145 /* KeyD_PreferencesWindowController.m in Sources */,
			);
			runOnlyForDeploymentPostprocessing = 0;
		};
/* End PBXSourcesBuildPhase section */

/* Begin PBXVariantGroup section */
		E0966B93147173F300D2444F /* InfoPlist.strings */ = {
			isa = PBXVariantGroup;
			children = (
				E0966B94147173F300D2444F /* en */,
				D6E68E01202B569E00BD9535 /* ko */,
			);
			name = InfoPlist.strings;
			sourceTree = "<group>";
		};
		E0966B9F147173F400D2444F /* MainMenu.xib */ = {
			isa = PBXVariantGroup;
			children = (
				E0966BA0147173F400D2444F /* en */,
				D6E68DFF202B569E00BD9535 /* ko */,
			);
			name = MainMenu.xib;
			sourceTree = "<group>";
		};
		E0988E26147940EB00E75145 /* PreferencesWindow.xib */ = {
			isa = PBXVariantGroup;
			children = (
				E0988E25147940EB00E75145 /* en */,
				D6F7947E204C333F00B9E17A /* ko */,
			);
			name = PreferencesWindow.xib;
			sourceTree = "<group>";
		};
/* End PBXVariantGroup section */

/* Begin XCBuildConfiguration section */
		E0966BA2147173F400D2444F /* Debug */ = {
			isa = XCBuildConfiguration;
			buildSettings = {
				ALWAYS_SEARCH_USER_PATHS = NO;
				CLANG_ANALYZER_LOCALIZABILITY_NONLOCALIZED = YES;
				CLANG_WARN_BLOCK_CAPTURE_AUTORELEASING = YES;
				CLANG_WARN_BOOL_CONVERSION = YES;
				CLANG_WARN_COMMA = YES;
				CLANG_WARN_CONSTANT_CONVERSION = YES;
				CLANG_WARN_EMPTY_BODY = YES;
				CLANG_WARN_ENUM_CONVERSION = YES;
				CLANG_WARN_INFINITE_RECURSION = YES;
				CLANG_WARN_INT_CONVERSION = YES;
				CLANG_WARN_NON_LITERAL_NULL_CONVERSION = YES;
				CLANG_WARN_OBJC_LITERAL_CONVERSION = YES;
				CLANG_WARN_RANGE_LOOP_ANALYSIS = YES;
				CLANG_WARN_STRICT_PROTOTYPES = YES;
				CLANG_WARN_SUSPICIOUS_MOVE = YES;
				CLANG_WARN_UNREACHABLE_CODE = YES;
				CLANG_WARN__DUPLICATE_METHOD_MATCH = YES;
				COPY_PHASE_STRIP = NO;
				ENABLE_STRICT_OBJC_MSGSEND = YES;
				ENABLE_TESTABILITY = YES;
				GCC_C_LANGUAGE_STANDARD = gnu99;
				GCC_DYNAMIC_NO_PIC = NO;
				GCC_ENABLE_OBJC_EXCEPTIONS = YES;
				GCC_NO_COMMON_BLOCKS = YES;
				GCC_OPTIMIZATION_LEVEL = 0;
				GCC_PREPROCESSOR_DEFINITIONS = (
					"DEBUG=1",
					"$(inherited)",
				);
				GCC_SYMBOLS_PRIVATE_EXTERN = NO;
				GCC_VERSION = com.apple.compilers.llvm.clang.1_0;
				GCC_WARN_64_TO_32_BIT_CONVERSION = YES;
				GCC_WARN_ABOUT_MISSING_PROTOTYPES = YES;
				GCC_WARN_ABOUT_RETURN_TYPE = YES;
				GCC_WARN_UNDECLARED_SELECTOR = YES;
				GCC_WARN_UNINITIALIZED_AUTOS = YES;
				GCC_WARN_UNUSED_FUNCTION = YES;
				GCC_WARN_UNUSED_VARIABLE = YES;
				MACOSX_DEPLOYMENT_TARGET = 10.13;
				ONLY_ACTIVE_ARCH = YES;
				SDKROOT = macosx;
			};
			name = Debug;
		};
		E0966BA3147173F400D2444F /* Release */ = {
			isa = XCBuildConfiguration;
			buildSettings = {
				ALWAYS_SEARCH_USER_PATHS = NO;
				CLANG_ANALYZER_LOCALIZABILITY_NONLOCALIZED = YES;
				CLANG_WARN_BLOCK_CAPTURE_AUTORELEASING = YES;
				CLANG_WARN_BOOL_CONVERSION = YES;
				CLANG_WARN_COMMA = YES;
				CLANG_WARN_CONSTANT_CONVERSION = YES;
				CLANG_WARN_EMPTY_BODY = YES;
				CLANG_WARN_ENUM_CONVERSION = YES;
				CLANG_WARN_INFINITE_RECURSION = YES;
				CLANG_WARN_INT_CONVERSION = YES;
				CLANG_WARN_NON_LITERAL_NULL_CONVERSION = YES;
				CLANG_WARN_OBJC_LITERAL_CONVERSION = YES;
				CLANG_WARN_RANGE_LOOP_ANALYSIS = YES;
				CLANG_WARN_STRICT_PROTOTYPES = YES;
				CLANG_WARN_SUSPICIOUS_MOVE = YES;
				CLANG_WARN_UNREACHABLE_CODE = YES;
				CLANG_WARN__DUPLICATE_METHOD_MATCH = YES;
				COPY_PHASE_STRIP = YES;
				DEBUG_INFORMATION_FORMAT = "dwarf-with-dsym";
				ENABLE_STRICT_OBJC_MSGSEND = YES;
				GCC_C_LANGUAGE_STANDARD = gnu99;
				GCC_ENABLE_OBJC_EXCEPTIONS = YES;
				GCC_NO_COMMON_BLOCKS = YES;
				GCC_VERSION = com.apple.compilers.llvm.clang.1_0;
				GCC_WARN_64_TO_32_BIT_CONVERSION = YES;
				GCC_WARN_ABOUT_MISSING_PROTOTYPES = YES;
				GCC_WARN_ABOUT_RETURN_TYPE = YES;
				GCC_WARN_UNDECLARED_SELECTOR = YES;
				GCC_WARN_UNINITIALIZED_AUTOS = YES;
				GCC_WARN_UNUSED_FUNCTION = YES;
				GCC_WARN_UNUSED_VARIABLE = YES;
				MACOSX_DEPLOYMENT_TARGET = 10.13;
				SDKROOT = macosx;
			};
			name = Release;
		};
		E0966BA5147173F400D2444F /* Debug */ = {
			isa = XCBuildConfiguration;
			buildSettings = {
				CLANG_ENABLE_OBJC_ARC = NO;
				CODE_SIGN_IDENTITY = "";
				CODE_SIGN_STYLE = Automatic;
				DEVELOPMENT_TEAM = "";
				GCC_PRECOMPILE_PREFIX_HEADER = YES;
				GCC_PREFIX_HEADER = "KeyD/KeyD-Prefix.pch";
				INFOPLIST_FILE = "$(SRCROOT)/KeyD/KeyD-Info.plist";
				MACOSX_DEPLOYMENT_TARGET = 10.6;
				PRODUCT_BUNDLE_IDENTIFIER = "net.ghawk.${PRODUCT_NAME:rfc1034identifier}";
				PRODUCT_NAME = "$(TARGET_NAME)";
				PROVISIONING_PROFILE_SPECIFIER = "";
				SDKROOT = macosx;
				WRAPPER_EXTENSION = app;
			};
			name = Debug;
		};
		E0966BA6147173F400D2444F /* Release */ = {
			isa = XCBuildConfiguration;
			buildSettings = {
				CLANG_ENABLE_OBJC_ARC = NO;
				CODE_SIGN_IDENTITY = "";
				CODE_SIGN_STYLE = Automatic;
				DEVELOPMENT_TEAM = "";
				GCC_PRECOMPILE_PREFIX_HEADER = YES;
				GCC_PREFIX_HEADER = "KeyD/KeyD-Prefix.pch";
				INFOPLIST_FILE = "$(SRCROOT)/KeyD/KeyD-Info.plist";
				MACOSX_DEPLOYMENT_TARGET = 10.6;
				PRODUCT_BUNDLE_IDENTIFIER = "net.ghawk.${PRODUCT_NAME:rfc1034identifier}";
				PRODUCT_NAME = "$(TARGET_NAME)";
				PROVISIONING_PROFILE_SPECIFIER = "";
				SDKROOT = macosx;
				WRAPPER_EXTENSION = app;
			};
			name = Release;
		};
/* End XCBuildConfiguration section */

/* Begin XCConfigurationList section */
		E0966B80147173F300D2444F /* Build configuration list for PBXProject "KeyD" */ = {
			isa = XCConfigurationList;
			buildConfigurations = (
				E0966BA2147173F400D2444F /* Debug */,
				E0966BA3147173F400D2444F /* Release */,
			);
			defaultConfigurationIsVisible = 0;
			defaultConfigurationName = Release;
		};
		E0966BA4147173F400D2444F /* Build configuration list for PBXNativeTarget "KeyD" */ = {
			isa = XCConfigurationList;
			buildConfigurations = (
				E0966BA5147173F400D2444F /* Debug */,
				E0966BA6147173F400D2444F /* Release */,
			);
			defaultConfigurationIsVisible = 0;
			defaultConfigurationName = Release;
		};
/* End XCConfigurationList section */
	};
	rootObject = E0966B7D147173F300D2444F /* Project object */;
}
